
Microsoft Visual Studio Solution File, Format Version 12.00
# Visual Studio Version 17
VisualStudioVersion = 17.0.31919.166
MinimumVisualStudioVersion = 10.0.40219.1
Project("{FAE04EC0-301F-11D3-BF4B-00C04F79EFBC}") = "VideoWallpaper", "VideoWallpaper\VideoWallpaper.csproj", "{CE5ACCFE-B925-492B-825C-F432D79940AA}"
EndProject
Global
	GlobalSection(SolutionConfigurationPlatforms) = preSolution
		Debug|Any CPU = Debug|Any CPU
		Release|Any CPU = Release|Any CPU
	EndGlobalSection
	GlobalSection(ProjectConfigurationPlatforms) = postSolution
		{CE5ACCFE-B925-492B-825C-F432D79940AA}.Debug|Any CPU.ActiveCfg = Debug|Any CPU
		{CE5ACCFE-B925-492B-825C-F432D79940AA}.Debug|Any CPU.Build.0 = Debug|Any CPU
		{CE5ACCFE-B925-492B-825C-F432D79940AA}.Release|Any CPU.ActiveCfg = Release|Any CPU
		{CE5ACCFE-B925-492B-825C-F432D79940AA}.Release|Any CPU.Build.0 = Release|Any CPU
	EndGlobalSection
	GlobalSection(SolutionProperties) = preSolution
		HideSolutionNode = FALSE
	EndGlobalSection
	GlobalSection(ExtensibilityGlobals) = postSolution
		SolutionGuid = {731F107B-36AA-4BC8-9451-FB9393F61999}
	EndGlobalSection
EndGlobal
